// !$*UTF8*$!
{
	archiveVersion = 1;
	classes = {
	};
	objectVersion = 50;
	objects = {

/* Begin PBXBuildFile section */
		12174D9B26FA182B009F09AE /* NetworkManager.swift in Sources */ = {isa = PBXBuildFile; fileRef = 12174D9A26FA182B009F09AE /* NetworkManager.swift */; };
		12174D9E26FA187E009F09AE /* ResultResponse.swift in Sources */ = {isa = PBXBuildFile; fileRef = 12174D9D26FA187E009F09AE /* ResultResponse.swift */; };
		12174DA126FA2340009F09AE /* NSError+Extensions.swift in Sources */ = {isa = PBXBuildFile; fileRef = 12174DA026FA2340009F09AE /* NSError+Extensions.swift */; };
		12174DA326FA287E009F09AE /* ServiceManager.swift in Sources */ = {isa = PBXBuildFile; fileRef = 12174DA226FA287E009F09AE /* ServiceManager.swift */; };
		12174DA526FA2EF4009F09AE /* DetailsViewModel.swift in Sources */ = {isa = PBXBuildFile; fileRef = 12174DA426FA2EF4009F09AE /* DetailsViewModel.swift */; };
		12174DA726FA33C4009F09AE /* UIViewController+Extensions.swift in Sources */ = {isa = PBXBuildFile; fileRef = 12174DA626FA33C4009F09AE /* UIViewController+Extensions.swift */; };
		12235BD026F8B42E00019FA7 /* AppDelegate.swift in Sources */ = {isa = PBXBuildFile; fileRef = 12235BCF26F8B42E00019FA7 /* AppDelegate.swift */; };
		12235BD226F8B42E00019FA7 /* SceneDelegate.swift in Sources */ = {isa = PBXBuildFile; fileRef = 12235BD126F8B42E00019FA7 /* SceneDelegate.swift */; };
		12235BD426F8B42E00019FA7 /* DetailsViewController.swift in Sources */ = {isa = PBXBuildFile; fileRef = 12235BD326F8B42E00019FA7 /* DetailsViewController.swift */; };
		12235BD726F8B42E00019FA7 /* Main.storyboard in Resources */ = {isa = PBXBuildFile; fileRef = 12235BD526F8B42E00019FA7 /* Main.storyboard */; };
		12235BD926F8B42F00019FA7 /* Assets.xcassets in Resources */ = {isa = PBXBuildFile; fileRef = 12235BD826F8B42F00019FA7 /* Assets.xcassets */; };
		12460ACD26FE25440057957B /* Results.swift in Sources */ = {isa = PBXBuildFile; fileRef = 12460ACC26FE25440057957B /* Results.swift */; };
		126BCAF826F8DC7D0039668A /* MovieService.swift in Sources */ = {isa = PBXBuildFile; fileRef = 126BCAF726F8DC7D0039668A /* MovieService.swift */; };
		126BCAFB26F8DD060039668A /* Endpoint+Movie.swift in Sources */ = {isa = PBXBuildFile; fileRef = 126BCAFA26F8DD060039668A /* Endpoint+Movie.swift */; };
		126BCAFF26F8DD750039668A /* NetworkMethod.swift in Sources */ = {isa = PBXBuildFile; fileRef = 126BCAFE26F8DD750039668A /* NetworkMethod.swift */; };
		126BCB0226F8DDB30039668A /* Endpoint.swift in Sources */ = {isa = PBXBuildFile; fileRef = 126BCB0126F8DDB30039668A /* Endpoint.swift */; };
		126BCB0526F8DE400039668A /* RequestableProtocol.swift in Sources */ = {isa = PBXBuildFile; fileRef = 126BCB0426F8DE400039668A /* RequestableProtocol.swift */; };
		126BCB0826F8DF070039668A /* CoreSetting.swift in Sources */ = {isa = PBXBuildFile; fileRef = 126BCB0726F8DF070039668A /* CoreSetting.swift */; };
		126BCB0B26F8E2F90039668A /* MovieDetails.swift in Sources */ = {isa = PBXBuildFile; fileRef = 126BCB0A26F8E2F90039668A /* MovieDetails.swift */; };
		12745B5C26FB6513005687DF /* SimilarMoviesTableViewCell.swift in Sources */ = {isa = PBXBuildFile; fileRef = 12745B5A26FB6513005687DF /* SimilarMoviesTableViewCell.swift */; };
		12745B5D26FB6513005687DF /* SimilarMoviesTableViewCell.xib in Resources */ = {isa = PBXBuildFile; fileRef = 12745B5B26FB6513005687DF /* SimilarMoviesTableViewCell.xib */; };
		12745B5F26FB6AF7005687DF /* SimilarMoviesTableCellViewModel.swift in Sources */ = {isa = PBXBuildFile; fileRef = 12745B5E26FB6AF7005687DF /* SimilarMoviesTableCellViewModel.swift */; };
		12745B6A26FBF6A6005687DF /* SimilarMovies.swift in Sources */ = {isa = PBXBuildFile; fileRef = 12745B6926FBF6A5005687DF /* SimilarMovies.swift */; };
		128DA17F26FE293C00A103C7 /* README.md in Resources */ = {isa = PBXBuildFile; fileRef = 128DA17E26FE293C00A103C7 /* README.md */; };
/* End PBXBuildFile section */

/* Begin PBXFileReference section */
		12174D9A26FA182B009F09AE /* NetworkManager.swift */ = {isa = PBXFileReference; lastKnownFileType = sourcecode.swift; path = NetworkManager.swift; sourceTree = "<group>"; };
		12174D9D26FA187E009F09AE /* ResultResponse.swift */ = {isa = PBXFileReference; lastKnownFileType = sourcecode.swift; path = ResultResponse.swift; sourceTree = "<group>"; };
		12174DA026FA2340009F09AE /* NSError+Extensions.swift */ = {isa = PBXFileReference; lastKnownFileType = sourcecode.swift; path = "NSError+Extensions.swift"; sourceTree = "<group>"; };
		12174DA226FA287E009F09AE /* ServiceManager.swift */ = {isa = PBXFileReference; lastKnownFileType = sourcecode.swift; path = ServiceManager.swift; sourceTree = "<group>"; };
		12174DA426FA2EF4009F09AE /* DetailsViewModel.swift */ = {isa = PBXFileReference; lastKnownFileType = sourcecode.swift; path = DetailsViewModel.swift; sourceTree = "<group>"; };
		12174DA626FA33C4009F09AE /* UIViewController+Extensions.swift */ = {isa = PBXFileReference; lastKnownFileType = sourcecode.swift; path = "UIViewController+Extensions.swift"; sourceTree = "<group>"; };
		12235BCC26F8B42D00019FA7 /* MB2YOU.app */ = {isa = PBXFileReference; explicitFileType = wrapper.application; includeInIndex = 0; path = MB2YOU.app; sourceTree = BUILT_PRODUCTS_DIR; };
		12235BCF26F8B42E00019FA7 /* AppDelegate.swift */ = {isa = PBXFileReference; lastKnownFileType = sourcecode.swift; path = AppDelegate.swift; sourceTree = "<group>"; };
		12235BD126F8B42E00019FA7 /* SceneDelegate.swift */ = {isa = PBXFileReference; lastKnownFileType = sourcecode.swift; path = SceneDelegate.swift; sourceTree = "<group>"; };
		12235BD326F8B42E00019FA7 /* DetailsViewController.swift */ = {isa = PBXFileReference; lastKnownFileType = sourcecode.swift; path = DetailsViewController.swift; sourceTree = "<group>"; };
		12235BD626F8B42E00019FA7 /* Base */ = {isa = PBXFileReference; lastKnownFileType = file.storyboard; name = Base; path = Base.lproj/Main.storyboard; sourceTree = "<group>"; };
		12235BD826F8B42F00019FA7 /* Assets.xcassets */ = {isa = PBXFileReference; lastKnownFileType = folder.assetcatalog; path = Assets.xcassets; sourceTree = "<group>"; };
		12235BDD26F8B42F00019FA7 /* Info.plist */ = {isa = PBXFileReference; lastKnownFileType = text.plist.xml; path = Info.plist; sourceTree = "<group>"; };
		12460ACC26FE25440057957B /* Results.swift */ = {isa = PBXFileReference; lastKnownFileType = sourcecode.swift; path = Results.swift; sourceTree = "<group>"; };
		126BCAF726F8DC7D0039668A /* MovieService.swift */ = {isa = PBXFileReference; lastKnownFileType = sourcecode.swift; path = MovieService.swift; sourceTree = "<group>"; };
		126BCAFA26F8DD060039668A /* Endpoint+Movie.swift */ = {isa = PBXFileReference; lastKnownFileType = sourcecode.swift; path = "Endpoint+Movie.swift"; sourceTree = "<group>"; };
		126BCAFE26F8DD750039668A /* NetworkMethod.swift */ = {isa = PBXFileReference; lastKnownFileType = sourcecode.swift; path = NetworkMethod.swift; sourceTree = "<group>"; };
		126BCB0126F8DDB30039668A /* Endpoint.swift */ = {isa = PBXFileReference; lastKnownFileType = sourcecode.swift; path = Endpoint.swift; sourceTree = "<group>"; };
		126BCB0426F8DE400039668A /* RequestableProtocol.swift */ = {isa = PBXFileReference; lastKnownFileType = sourcecode.swift; path = RequestableProtocol.swift; sourceTree = "<group>"; };
		126BCB0726F8DF070039668A /* CoreSetting.swift */ = {isa = PBXFileReference; lastKnownFileType = sourcecode.swift; path = CoreSetting.swift; sourceTree = "<group>"; };
		126BCB0A26F8E2F90039668A /* MovieDetails.swift */ = {isa = PBXFileReference; lastKnownFileType = sourcecode.swift; path = MovieDetails.swift; sourceTree = "<group>"; };
		12745B5A26FB6513005687DF /* SimilarMoviesTableViewCell.swift */ = {isa = PBXFileReference; lastKnownFileType = sourcecode.swift; path = SimilarMoviesTableViewCell.swift; sourceTree = "<group>"; };
		12745B5B26FB6513005687DF /* SimilarMoviesTableViewCell.xib */ = {isa = PBXFileReference; lastKnownFileType = file.xib; path = SimilarMoviesTableViewCell.xib; sourceTree = "<group>"; };
		12745B5E26FB6AF7005687DF /* SimilarMoviesTableCellViewModel.swift */ = {isa = PBXFileReference; lastKnownFileType = sourcecode.swift; path = SimilarMoviesTableCellViewModel.swift; sourceTree = "<group>"; };
		12745B6926FBF6A5005687DF /* SimilarMovies.swift */ = {isa = PBXFileReference; lastKnownFileType = sourcecode.swift; path = SimilarMovies.swift; sourceTree = "<group>"; };
		128DA17E26FE293C00A103C7 /* README.md */ = {isa = PBXFileReference; fileEncoding = 4; lastKnownFileType = net.daringfireball.markdown; name = README.md; path = "../../../../../../../Downloads/desafio-mobile2you-main/README.md"; sourceTree = "<group>"; };
/* End PBXFileReference section */

/* Begin PBXFrameworksBuildPhase section */
		12235BC926F8B42D00019FA7 /* Frameworks */ = {
			isa = PBXFrameworksBuildPhase;
			buildActionMask = 2147483647;
			files = (
			);
			runOnlyForDeploymentPostprocessing = 0;
		};
/* End PBXFrameworksBuildPhase section */

/* Begin PBXGroup section */
		12174D9C26FA1870009F09AE /* Model */ = {
			isa = PBXGroup;
			children = (
				12174D9D26FA187E009F09AE /* ResultResponse.swift */,
			);
			path = Model;
			sourceTree = "<group>";
		};
		12174D9F26FA2320009F09AE /* Extensions */ = {
			isa = PBXGroup;
			children = (
				12174DA026FA2340009F09AE /* NSError+Extensions.swift */,
				12174DA626FA33C4009F09AE /* UIViewController+Extensions.swift */,
			);
			path = Extensions;
			sourceTree = "<group>";
		};
		12235BC326F8B42D00019FA7 = {
			isa = PBXGroup;
			children = (
				12235BCE26F8B42D00019FA7 /* MB2YOU */,
				12235BCD26F8B42D00019FA7 /* Products */,
			);
			sourceTree = "<group>";
		};
		12235BCD26F8B42D00019FA7 /* Products */ = {
			isa = PBXGroup;
			children = (
				12235BCC26F8B42D00019FA7 /* MB2YOU.app */,
			);
			name = Products;
			sourceTree = "<group>";
		};
		12235BCE26F8B42D00019FA7 /* MB2YOU */ = {
			isa = PBXGroup;
			children = (
				12235BE526F8B8FB00019FA7 /* System */,
				12235BE426F8B8F100019FA7 /* Domain */,
				12235BE326F8B8EA00019FA7 /* UI */,
				12235BDD26F8B42F00019FA7 /* Info.plist */,
				128DA17E26FE293C00A103C7 /* README.md */,
			);
			path = MB2YOU;
			sourceTree = "<group>";
		};
		12235BE326F8B8EA00019FA7 /* UI */ = {
			isa = PBXGroup;
			children = (
				12235BD826F8B42F00019FA7 /* Assets.xcassets */,
				12235BE626F8B93E00019FA7 /* Presentantion */,
			);
			path = UI;
			sourceTree = "<group>";
		};
		12235BE426F8B8F100019FA7 /* Domain */ = {
			isa = PBXGroup;
			children = (
				126BCB0926F8E2E10039668A /* Model */,
				126BCB0626F8DEFD0039668A /* Core */,
				126BCAFC26F8DD560039668A /* Network */,
				126BCAF926F8DCE00039668A /* Endpoints */,
				126BCAF626F8DC590039668A /* Service */,
			);
			path = Domain;
			sourceTree = "<group>";
		};
		12235BE526F8B8FB00019FA7 /* System */ = {
			isa = PBXGroup;
			children = (
				12235BCF26F8B42E00019FA7 /* AppDelegate.swift */,
				12235BD126F8B42E00019FA7 /* SceneDelegate.swift */,
			);
			path = System;
			sourceTree = "<group>";
		};
		12235BE626F8B93E00019FA7 /* Presentantion */ = {
			isa = PBXGroup;
			children = (
				12235BE726F8BA3C00019FA7 /* DetailsView */,
			);
			path = Presentantion;
			sourceTree = "<group>";
		};
		12235BE726F8BA3C00019FA7 /* DetailsView */ = {
			isa = PBXGroup;
			children = (
				12745B5826FB64D1005687DF /* Components */,
				12235BD326F8B42E00019FA7 /* DetailsViewController.swift */,
				12235BD526F8B42E00019FA7 /* Main.storyboard */,
				12174DA426FA2EF4009F09AE /* DetailsViewModel.swift */,
			);
			path = DetailsView;
			sourceTree = "<group>";
		};
		126BCAF626F8DC590039668A /* Service */ = {
			isa = PBXGroup;
			children = (
				126BCAF726F8DC7D0039668A /* MovieService.swift */,
				12174DA226FA287E009F09AE /* ServiceManager.swift */,
			);
			path = Service;
			sourceTree = "<group>";
		};
		126BCAF926F8DCE00039668A /* Endpoints */ = {
			isa = PBXGroup;
			children = (
				126BCAFA26F8DD060039668A /* Endpoint+Movie.swift */,
			);
			path = Endpoints;
			sourceTree = "<group>";
		};
		126BCAFC26F8DD560039668A /* Network */ = {
			isa = PBXGroup;
			children = (
				12174D9C26FA1870009F09AE /* Model */,
				126BCB0326F8DE2B0039668A /* Protocol */,
				126BCB0026F8DDA40039668A /* Endpoint */,
				126BCAFD26F8DD5E0039668A /* Enum */,
			);
			path = Network;
			sourceTree = "<group>";
		};
		126BCAFD26F8DD5E0039668A /* Enum */ = {
			isa = PBXGroup;
			children = (
				126BCAFE26F8DD750039668A /* NetworkMethod.swift */,
			);
			path = Enum;
			sourceTree = "<group>";
		};
		126BCB0026F8DDA40039668A /* Endpoint */ = {
			isa = PBXGroup;
			children = (
				126BCB0126F8DDB30039668A /* Endpoint.swift */,
			);
			path = Endpoint;
			sourceTree = "<group>";
		};
		126BCB0326F8DE2B0039668A /* Protocol */ = {
			isa = PBXGroup;
			children = (
				126BCB0426F8DE400039668A /* RequestableProtocol.swift */,
				12174D9A26FA182B009F09AE /* NetworkManager.swift */,
			);
			path = Protocol;
			sourceTree = "<group>";
		};
		126BCB0626F8DEFD0039668A /* Core */ = {
			isa = PBXGroup;
			children = (
				12174D9F26FA2320009F09AE /* Extensions */,
				126BCB0726F8DF070039668A /* CoreSetting.swift */,
			);
			path = Core;
			sourceTree = "<group>";
		};
		126BCB0926F8E2E10039668A /* Model */ = {
			isa = PBXGroup;
			children = (
				126BCB0A26F8E2F90039668A /* MovieDetails.swift */,
				12745B6926FBF6A5005687DF /* SimilarMovies.swift */,
				12460ACC26FE25440057957B /* Results.swift */,
			);
			path = Model;
			sourceTree = "<group>";
		};
		12745B5826FB64D1005687DF /* Components */ = {
			isa = PBXGroup;
			children = (
				12745B5926FB64D9005687DF /* Cell */,
			);
			path = Components;
			sourceTree = "<group>";
		};
		12745B5926FB64D9005687DF /* Cell */ = {
			isa = PBXGroup;
			children = (
				12745B5A26FB6513005687DF /* SimilarMoviesTableViewCell.swift */,
				12745B5B26FB6513005687DF /* SimilarMoviesTableViewCell.xib */,
				12745B5E26FB6AF7005687DF /* SimilarMoviesTableCellViewModel.swift */,
			);
			path = Cell;
			sourceTree = "<group>";
		};
/* End PBXGroup section */

/* Begin PBXNativeTarget section */
		12235BCB26F8B42D00019FA7 /* MB2YOU */ = {
			isa = PBXNativeTarget;
			buildConfigurationList = 12235BE026F8B42F00019FA7 /* Build configuration list for PBXNativeTarget "MB2YOU" */;
			buildPhases = (
				12235BC826F8B42D00019FA7 /* Sources */,
				12235BC926F8B42D00019FA7 /* Frameworks */,
				12235BCA26F8B42D00019FA7 /* Resources */,
			);
			buildRules = (
			);
			dependencies = (
			);
			name = MB2YOU;
			productName = MB2YOU;
			productReference = 12235BCC26F8B42D00019FA7 /* MB2YOU.app */;
			productType = "com.apple.product-type.application";
		};
/* End PBXNativeTarget section */

/* Begin PBXProject section */
		12235BC426F8B42D00019FA7 /* Project object */ = {
			isa = PBXProject;
			attributes = {
				LastSwiftUpdateCheck = 1250;
				LastUpgradeCheck = 1250;
				TargetAttributes = {
					12235BCB26F8B42D00019FA7 = {
						CreatedOnToolsVersion = 12.5.1;
					};
				};
			};
			buildConfigurationList = 12235BC726F8B42D00019FA7 /* Build configuration list for PBXProject "MB2YOU" */;
			compatibilityVersion = "Xcode 9.3";
			developmentRegion = en;
			hasScannedForEncodings = 0;
			knownRegions = (
				en,
				Base,
			);
			mainGroup = 12235BC326F8B42D00019FA7;
			productRefGroup = 12235BCD26F8B42D00019FA7 /* Products */;
			projectDirPath = "";
			projectRoot = "";
			targets = (
				12235BCB26F8B42D00019FA7 /* MB2YOU */,
			);
		};
/* End PBXProject section */

/* Begin PBXResourcesBuildPhase section */
		12235BCA26F8B42D00019FA7 /* Resources */ = {
			isa = PBXResourcesBuildPhase;
			buildActionMask = 2147483647;
			files = (
				12235BD926F8B42F00019FA7 /* Assets.xcassets in Resources */,
				12235BD726F8B42E00019FA7 /* Main.storyboard in Resources */,
				128DA17F26FE293C00A103C7 /* README.md in Resources */,
				12745B5D26FB6513005687DF /* SimilarMoviesTableViewCell.xib in Resources */,
			);
			runOnlyForDeploymentPostprocessing = 0;
		};
/* End PBXResourcesBuildPhase section */

/* Begin PBXSourcesBuildPhase section */
		12235BC826F8B42D00019FA7 /* Sources */ = {
			isa = PBXSourcesBuildPhase;
			buildActionMask = 2147483647;
			files = (
				126BCB0226F8DDB30039668A /* Endpoint.swift in Sources */,
				12235BD426F8B42E00019FA7 /* DetailsViewController.swift in Sources */,
				12174DA526FA2EF4009F09AE /* DetailsViewModel.swift in Sources */,
				126BCAFF26F8DD750039668A /* NetworkMethod.swift in Sources */,
				126BCB0B26F8E2F90039668A /* MovieDetails.swift in Sources */,
				12174D9B26FA182B009F09AE /* NetworkManager.swift in Sources */,
				12174DA326FA287E009F09AE /* ServiceManager.swift in Sources */,
				12174DA126FA2340009F09AE /* NSError+Extensions.swift in Sources */,
				126BCB0526F8DE400039668A /* RequestableProtocol.swift in Sources */,
				12745B5C26FB6513005687DF /* SimilarMoviesTableViewCell.swift in Sources */,
				12745B6A26FBF6A6005687DF /* SimilarMovies.swift in Sources */,
				12235BD026F8B42E00019FA7 /* AppDelegate.swift in Sources */,
				126BCAFB26F8DD060039668A /* Endpoint+Movie.swift in Sources */,
				12745B5F26FB6AF7005687DF /* SimilarMoviesTableCellViewModel.swift in Sources */,
				12460ACD26FE25440057957B /* Results.swift in Sources */,
				126BCB0826F8DF070039668A /* CoreSetting.swift in Sources */,
				12174DA726FA33C4009F09AE /* UIViewController+Extensions.swift in Sources */,
				12174D9E26FA187E009F09AE /* ResultResponse.swift in Sources */,
				126BCAF826F8DC7D0039668A /* MovieService.swift in Sources */,
				12235BD226F8B42E00019FA7 /* SceneDelegate.swift in Sources */,
			);
			runOnlyForDeploymentPostprocessing = 0;
		};
/* End PBXSourcesBuildPhase section */

/* Begin PBXVariantGroup section */
		12235BD526F8B42E00019FA7 /* Main.storyboard */ = {
			isa = PBXVariantGroup;
			children = (
				12235BD626F8B42E00019FA7 /* Base */,
			);
			name = Main.storyboard;
			sourceTree = "<group>";
		};
/* End PBXVariantGroup section */

/* Begin XCBuildConfiguration section */
		12235BDE26F8B42F00019FA7 /* Debug */ = {
			isa = XCBuildConfiguration;
			buildSettings = {
				ALWAYS_SEARCH_USER_PATHS = NO;
				CLANG_ANALYZER_NONNULL = YES;
				CLANG_ANALYZER_NUMBER_OBJECT_CONVERSION = YES_AGGRESSIVE;
				CLANG_CXX_LANGUAGE_STANDARD = "gnu++14";
				CLANG_CXX_LIBRARY = "libc++";
				CLANG_ENABLE_MODULES = YES;
				CLANG_ENABLE_OBJC_ARC = YES;
				CLANG_ENABLE_OBJC_WEAK = YES;
				CLANG_WARN_BLOCK_CAPTURE_AUTORELEASING = YES;
				CLANG_WARN_BOOL_CONVERSION = YES;
				CLANG_WARN_COMMA = YES;
				CLANG_WARN_CONSTANT_CONVERSION = YES;
				CLANG_WARN_DEPRECATED_OBJC_IMPLEMENTATIONS = YES;
				CLANG_WARN_DIRECT_OBJC_ISA_USAGE = YES_ERROR;
				CLANG_WARN_DOCUMENTATION_COMMENTS = YES;
				CLANG_WARN_EMPTY_BODY = YES;
				CLANG_WARN_ENUM_CONVERSION = YES;
				CLANG_WARN_INFINITE_RECURSION = YES;
				CLANG_WARN_INT_CONVERSION = YES;
				CLANG_WARN_NON_LITERAL_NULL_CONVERSION = YES;
				CLANG_WARN_OBJC_IMPLICIT_RETAIN_SELF = YES;
				CLANG_WARN_OBJC_LITERAL_CONVERSION = YES;
				CLANG_WARN_OBJC_ROOT_CLASS = YES_ERROR;
				CLANG_WARN_QUOTED_INCLUDE_IN_FRAMEWORK_HEADER = YES;
				CLANG_WARN_RANGE_LOOP_ANALYSIS = YES;
				CLANG_WARN_STRICT_PROTOTYPES = YES;
				CLANG_WARN_SUSPICIOUS_MOVE = YES;
				CLANG_WARN_UNGUARDED_AVAILABILITY = YES_AGGRESSIVE;
				CLANG_WARN_UNREACHABLE_CODE = YES;
				CLANG_WARN__DUPLICATE_METHOD_MATCH = YES;
				COPY_PHASE_STRIP = NO;
				DEBUG_INFORMATION_FORMAT = dwarf;
				ENABLE_STRICT_OBJC_MSGSEND = YES;
				ENABLE_TESTABILITY = YES;
				GCC_C_LANGUAGE_STANDARD = gnu11;
				GCC_DYNAMIC_NO_PIC = NO;
				GCC_NO_COMMON_BLOCKS = YES;
				GCC_OPTIMIZATION_LEVEL = 0;
				GCC_PREPROCESSOR_DEFINITIONS = (
					"DEBUG=1",
					"$(inherited)",
				);
				GCC_WARN_64_TO_32_BIT_CONVERSION = YES;
				GCC_WARN_ABOUT_RETURN_TYPE = YES_ERROR;
				GCC_WARN_UNDECLARED_SELECTOR = YES;
				GCC_WARN_UNINITIALIZED_AUTOS = YES_AGGRESSIVE;
				GCC_WARN_UNUSED_FUNCTION = YES;
				GCC_WARN_UNUSED_VARIABLE = YES;
				IPHONEOS_DEPLOYMENT_TARGET = 14.5;
				MTL_ENABLE_DEBUG_INFO = INCLUDE_SOURCE;
				MTL_FAST_MATH = YES;
				ONLY_ACTIVE_ARCH = YES;
				SDKROOT = iphoneos;
				SWIFT_ACTIVE_COMPILATION_CONDITIONS = DEBUG;
				SWIFT_OPTIMIZATION_LEVEL = "-Onone";
			};
			name = Debug;
		};
		12235BDF26F8B42F00019FA7 /* Release */ = {
			isa = XCBuildConfiguration;
			buildSettings = {
				ALWAYS_SEARCH_USER_PATHS = NO;
				CLANG_ANALYZER_NONNULL = YES;
				CLANG_ANALYZER_NUMBER_OBJECT_CONVERSION = YES_AGGRESSIVE;
				CLANG_CXX_LANGUAGE_STANDARD = "gnu++14";
				CLANG_CXX_LIBRARY = "libc++";
				CLANG_ENABLE_MODULES = YES;
				CLANG_ENABLE_OBJC_ARC = YES;
				CLANG_ENABLE_OBJC_WEAK = YES;
				CLANG_WARN_BLOCK_CAPTURE_AUTORELEASING = YES;
				CLANG_WARN_BOOL_CONVERSION = YES;
				CLANG_WARN_COMMA = YES;
				CLANG_WARN_CONSTANT_CONVERSION = YES;
				CLANG_WARN_DEPRECATED_OBJC_IMPLEMENTATIONS = YES;
				CLANG_WARN_DIRECT_OBJC_ISA_USAGE = YES_ERROR;
				CLANG_WARN_DOCUMENTATION_COMMENTS = YES;
				CLANG_WARN_EMPTY_BODY = YES;
				CLANG_WARN_ENUM_CONVERSION = YES;
				CLANG_WARN_INFINITE_RECURSION = YES;
				CLANG_WARN_INT_CONVERSION = YES;
				CLANG_WARN_NON_LITERAL_NULL_CONVERSION = YES;
				CLANG_WARN_OBJC_IMPLICIT_RETAIN_SELF = YES;
				CLANG_WARN_OBJC_LITERAL_CONVERSION = YES;
				CLANG_WARN_OBJC_ROOT_CLASS = YES_ERROR;
				CLANG_WARN_QUOTED_INCLUDE_IN_FRAMEWORK_HEADER = YES;
				CLANG_WARN_RANGE_LOOP_ANALYSIS = YES;
				CLANG_WARN_STRICT_PROTOTYPES = YES;
				CLANG_WARN_SUSPICIOUS_MOVE = YES;
				CLANG_WARN_UNGUARDED_AVAILABILITY = YES_AGGRESSIVE;
				CLANG_WARN_UNREACHABLE_CODE = YES;
				CLANG_WARN__DUPLICATE_METHOD_MATCH = YES;
				COPY_PHASE_STRIP = NO;
				DEBUG_INFORMATION_FORMAT = "dwarf-with-dsym";
				ENABLE_NS_ASSERTIONS = NO;
				ENABLE_STRICT_OBJC_MSGSEND = YES;
				GCC_C_LANGUAGE_STANDARD = gnu11;
				GCC_NO_COMMON_BLOCKS = YES;
				GCC_WARN_64_TO_32_BIT_CONVERSION = YES;
				GCC_WARN_ABOUT_RETURN_TYPE = YES_ERROR;
				GCC_WARN_UNDECLARED_SELECTOR = YES;
				GCC_WARN_UNINITIALIZED_AUTOS = YES_AGGRESSIVE;
				GCC_WARN_UNUSED_FUNCTION = YES;
				GCC_WARN_UNUSED_VARIABLE = YES;
				IPHONEOS_DEPLOYMENT_TARGET = 14.5;
				MTL_ENABLE_DEBUG_INFO = NO;
				MTL_FAST_MATH = YES;
				SDKROOT = iphoneos;
				SWIFT_COMPILATION_MODE = wholemodule;
				SWIFT_OPTIMIZATION_LEVEL = "-O";
				VALIDATE_PRODUCT = YES;
			};
			name = Release;
		};
		12235BE126F8B42F00019FA7 /* Debug */ = {
			isa = XCBuildConfiguration;
			buildSettings = {
				ASSETCATALOG_COMPILER_APPICON_NAME = AppIcon;
				ASSETCATALOG_COMPILER_GLOBAL_ACCENT_COLOR_NAME = AccentColor;
				CODE_SIGN_STYLE = Automatic;
				DEVELOPMENT_TEAM = ALF79554Y6;
				INFOPLIST_FILE = MB2YOU/Info.plist;
				LD_RUNPATH_SEARCH_PATHS = (
					"$(inherited)",
					"@executable_path/Frameworks",
				);
				PRODUCT_BUNDLE_IDENTIFIER = com.viniciusalencar.MB2YOU;
				PRODUCT_NAME = "$(TARGET_NAME)";
				SWIFT_VERSION = 5.0;
				TARGETED_DEVICE_FAMILY = 1;
			};
			name = Debug;
		};
		12235BE226F8B42F00019FA7 /* Release */ = {
			isa = XCBuildConfiguration;
			buildSettings = {
				ASSETCATALOG_COMPILER_APPICON_NAME = AppIcon;
				ASSETCATALOG_COMPILER_GLOBAL_ACCENT_COLOR_NAME = AccentColor;
				CODE_SIGN_STYLE = Automatic;
				DEVELOPMENT_TEAM = ALF79554Y6;
				INFOPLIST_FILE = MB2YOU/Info.plist;
				LD_RUNPATH_SEARCH_PATHS = (
					"$(inherited)",
					"@executable_path/Frameworks",
				);
				PRODUCT_BUNDLE_IDENTIFIER = com.viniciusalencar.MB2YOU;
				PRODUCT_NAME = "$(TARGET_NAME)";
				SWIFT_VERSION = 5.0;
				TARGETED_DEVICE_FAMILY = 1;
			};
			name = Release;
		};
/* End XCBuildConfiguration section */

/* Begin XCConfigurationList section */
		12235BC726F8B42D00019FA7 /* Build configuration list for PBXProject "MB2YOU" */ = {
			isa = XCConfigurationList;
			buildConfigurations = (
				12235BDE26F8B42F00019FA7 /* Debug */,
				12235BDF26F8B42F00019FA7 /* Release */,
			);
			defaultConfigurationIsVisible = 0;
			defaultConfigurationName = Release;
		};
		12235BE026F8B42F00019FA7 /* Build configuration list for PBXNativeTarget "MB2YOU" */ = {
			isa = XCConfigurationList;
			buildConfigurations = (
				12235BE126F8B42F00019FA7 /* Debug */,
				12235BE226F8B42F00019FA7 /* Release */,
			);
			defaultConfigurationIsVisible = 0;
			defaultConfigurationName = Release;
		};
/* End XCConfigurationList section */
	};
	rootObject = 12235BC426F8B42D00019FA7 /* Project object */;
}
